// !$*UTF8*$!
{
	archiveVersion = 1;
	classes = {
	};
	objectVersion = 56;
	objects = {

/* Begin PBXBuildFile section */
		EC2302462B4753CD00F356F2 /* DetailsPage.swift in Sources */ = {isa = PBXBuildFile; fileRef = EC2302452B4753CD00F356F2 /* DetailsPage.swift */; };
		EC417F082B474DE4001DFC59 /* ThumbnailsCell.swift in Sources */ = {isa = PBXBuildFile; fileRef = EC417F072B474DE4001DFC59 /* ThumbnailsCell.swift */; };
		EC5531932B458FCA005AD409 /* AppDelegate.swift in Sources */ = {isa = PBXBuildFile; fileRef = EC5531922B458FCA005AD409 /* AppDelegate.swift */; };
		EC5531952B458FCA005AD409 /* SceneDelegate.swift in Sources */ = {isa = PBXBuildFile; fileRef = EC5531942B458FCA005AD409 /* SceneDelegate.swift */; };
		EC5531972B458FCA005AD409 /* ViewController.swift in Sources */ = {isa = PBXBuildFile; fileRef = EC5531962B458FCA005AD409 /* ViewController.swift */; };
		EC55319A2B458FCA005AD409 /* Main.storyboard in Resources */ = {isa = PBXBuildFile; fileRef = EC5531982B458FCA005AD409 /* Main.storyboard */; };
		EC55319C2B458FCB005AD409 /* Assets.xcassets in Resources */ = {isa = PBXBuildFile; fileRef = EC55319B2B458FCB005AD409 /* Assets.xcassets */; };
		EC55319F2B458FCB005AD409 /* LaunchScreen.storyboard in Resources */ = {isa = PBXBuildFile; fileRef = EC55319D2B458FCB005AD409 /* LaunchScreen.storyboard */; };
		EC5531A72B4590E8005AD409 /* ProductCell.swift in Sources */ = {isa = PBXBuildFile; fileRef = EC5531A62B4590E8005AD409 /* ProductCell.swift */; };
		EC5531A92B4597C6005AD409 /* Model.swift in Sources */ = {isa = PBXBuildFile; fileRef = EC5531A82B4597C6005AD409 /* Model.swift */; };
		EC5531AC2B46E6EC005AD409 /* SDWebImage in Frameworks */ = {isa = PBXBuildFile; productRef = EC5531AB2B46E6EC005AD409 /* SDWebImage */; };
/* End PBXBuildFile section */

/* Begin PBXFileReference section */
		EC2302452B4753CD00F356F2 /* DetailsPage.swift */ = {isa = PBXFileReference; lastKnownFileType = sourcecode.swift; path = DetailsPage.swift; sourceTree = "<group>"; };
		EC417F072B474DE4001DFC59 /* ThumbnailsCell.swift */ = {isa = PBXFileReference; lastKnownFileType = sourcecode.swift; path = ThumbnailsCell.swift; sourceTree = "<group>"; };
		EC55318F2B458FCA005AD409 /* ProductProject.app */ = {isa = PBXFileReference; explicitFileType = wrapper.application; includeInIndex = 0; path = ProductProject.app; sourceTree = BUILT_PRODUCTS_DIR; };
		EC5531922B458FCA005AD409 /* AppDelegate.swift */ = {isa = PBXFileReference; lastKnownFileType = sourcecode.swift; path = AppDelegate.swift; sourceTree = "<group>"; };
		EC5531942B458FCA005AD409 /* SceneDelegate.swift */ = {isa = PBXFileReference; lastKnownFileType = sourcecode.swift; path = SceneDelegate.swift; sourceTree = "<group>"; };
		EC5531962B458FCA005AD409 /* ViewController.swift */ = {isa = PBXFileReference; lastKnownFileType = sourcecode.swift; path = ViewController.swift; sourceTree = "<group>"; };
		EC5531992B458FCA005AD409 /* Base */ = {isa = PBXFileReference; lastKnownFileType = file.storyboard; name = Base; path = Base.lproj/Main.storyboard; sourceTree = "<group>"; };
		EC55319B2B458FCB005AD409 /* Assets.xcassets */ = {isa = PBXFileReference; lastKnownFileType = folder.assetcatalog; path = Assets.xcassets; sourceTree = "<group>"; };
		EC55319E2B458FCB005AD409 /* Base */ = {isa = PBXFileReference; lastKnownFileType = file.storyboard; name = Base; path = Base.lproj/LaunchScreen.storyboard; sourceTree = "<group>"; };
		EC5531A02B458FCB005AD409 /* Info.plist */ = {isa = PBXFileReference; lastKnownFileType = text.plist.xml; path = Info.plist; sourceTree = "<group>"; };
		EC5531A62B4590E8005AD409 /* ProductCell.swift */ = {isa = PBXFileReference; lastKnownFileType = sourcecode.swift; path = ProductCell.swift; sourceTree = "<group>"; };
		EC5531A82B4597C6005AD409 /* Model.swift */ = {isa = PBXFileReference; lastKnownFileType = sourcecode.swift; path = Model.swift; sourceTree = "<group>"; };
/* End PBXFileReference section */

/* Begin PBXFrameworksBuildPhase section */
		EC55318C2B458FCA005AD409 /* Frameworks */ = {
			isa = PBXFrameworksBuildPhase;
			buildActionMask = 2147483647;
			files = (
				EC5531AC2B46E6EC005AD409 /* SDWebImage in Frameworks */,
			);
			runOnlyForDeploymentPostprocessing = 0;
		};
/* End PBXFrameworksBuildPhase section */

/* Begin PBXGroup section */
		EC5531862B458FC9005AD409 = {
			isa = PBXGroup;
			children = (
				EC5531912B458FCA005AD409 /* ProductProject */,
				EC5531902B458FCA005AD409 /* Products */,
			);
			sourceTree = "<group>";
		};
		EC5531902B458FCA005AD409 /* Products */ = {
			isa = PBXGroup;
			children = (
				EC55318F2B458FCA005AD409 /* ProductProject.app */,
			);
			name = Products;
			sourceTree = "<group>";
		};
		EC5531912B458FCA005AD409 /* ProductProject */ = {
			isa = PBXGroup;
			children = (
				EC5531922B458FCA005AD409 /* AppDelegate.swift */,
				EC5531942B458FCA005AD409 /* SceneDelegate.swift */,
				EC2302452B4753CD00F356F2 /* DetailsPage.swift */,
				EC5531A82B4597C6005AD409 /* Model.swift */,
				EC417F072B474DE4001DFC59 /* ThumbnailsCell.swift */,
				EC5531A62B4590E8005AD409 /* ProductCell.swift */,
				EC5531962B458FCA005AD409 /* ViewController.swift */,
				EC5531982B458FCA005AD409 /* Main.storyboard */,
				EC55319B2B458FCB005AD409 /* Assets.xcassets */,
				EC55319D2B458FCB005AD409 /* LaunchScreen.storyboard */,
				EC5531A02B458FCB005AD409 /* Info.plist */,
			);
			path = ProductProject;
			sourceTree = "<group>";
		};
/* End PBXGroup section */

/* Begin PBXNativeTarget section */
		EC55318E2B458FCA005AD409 /* ProductProject */ = {
			isa = PBXNativeTarget;
			buildConfigurationList = EC5531A32B458FCB005AD409 /* Build configuration list for PBXNativeTarget "ProductProject" */;
			buildPhases = (
				EC55318B2B458FCA005AD409 /* Sources */,
				EC55318C2B458FCA005AD409 /* Frameworks */,
				EC55318D2B458FCA005AD409 /* Resources */,
			);
			buildRules = (
			);
			dependencies = (
			);
			name = ProductProject;
			packageProductDependencies = (
				EC5531AB2B46E6EC005AD409 /* SDWebImage */,
			);
			productName = ProductProject;
			productReference = EC55318F2B458FCA005AD409 /* ProductProject.app */;
			productType = "com.apple.product-type.application";
		};
/* End PBXNativeTarget section */

/* Begin PBXProject section */
		EC5531872B458FC9005AD409 /* Project object */ = {
			isa = PBXProject;
			attributes = {
				BuildIndependentTargetsInParallel = 1;
				LastSwiftUpdateCheck = 1430;
				LastUpgradeCheck = 1430;
				TargetAttributes = {
					EC55318E2B458FCA005AD409 = {
						CreatedOnToolsVersion = 14.3.1;
					};
				};
			};
			buildConfigurationList = EC55318A2B458FC9005AD409 /* Build configuration list for PBXProject "ProductProject" */;
			compatibilityVersion = "Xcode 14.0";
			developmentRegion = en;
			hasScannedForEncodings = 0;
			knownRegions = (
				en,
				Base,
			);
			mainGroup = EC5531862B458FC9005AD409;
			packageReferences = (
				EC5531AA2B46E6EB005AD409 /* XCRemoteSwiftPackageReference "SDWebImage" */,
			);
			productRefGroup = EC5531902B458FCA005AD409 /* Products */;
			projectDirPath = "";
			projectRoot = "";
			targets = (
				EC55318E2B458FCA005AD409 /* ProductProject */,
			);
		};
/* End PBXProject section */

/* Begin PBXResourcesBuildPhase section */
		EC55318D2B458FCA005AD409 /* Resources */ = {
			isa = PBXResourcesBuildPhase;
			buildActionMask = 2147483647;
			files = (
				EC55319F2B458FCB005AD409 /* LaunchScreen.storyboard in Resources */,
				EC55319C2B458FCB005AD409 /* Assets.xcassets in Resources */,
				EC55319A2B458FCA005AD409 /* Main.storyboard in Resources */,
			);
			runOnlyForDeploymentPostprocessing = 0;
		};
/* End PBXResourcesBuildPhase section */

/* Begin PBXSourcesBuildPhase section */
		EC55318B2B458FCA005AD409 /* Sources */ = {
			isa = PBXSourcesBuildPhase;
			buildActionMask = 2147483647;
			files = (
				EC417F082B474DE4001DFC59 /* ThumbnailsCell.swift in Sources */,
				EC5531A92B4597C6005AD409 /* Model.swift in Sources */,
				EC5531972B458FCA005AD409 /* ViewController.swift in Sources */,
				EC5531A72B4590E8005AD409 /* ProductCell.swift in Sources */,
				EC2302462B4753CD00F356F2 /* DetailsPage.swift in Sources */,
				EC5531932B458FCA005AD409 /* AppDelegate.swift in Sources */,
				EC5531952B458FCA005AD409 /* SceneDelegate.swift in Sources */,
			);
			runOnlyForDeploymentPostprocessing = 0;
		};
/* End PBXSourcesBuildPhase section */

/* Begin PBXVariantGroup section */
		EC5531982B458FCA005AD409 /* Main.storyboard */ = {
			isa = PBXVariantGroup;
			children = (
				EC5531992B458FCA005AD409 /* Base */,
			);
			name = Main.storyboard;
			sourceTree = "<group>";
		};
		EC55319D2B458FCB005AD409 /* LaunchScreen.storyboard */ = {
			isa = PBXVariantGroup;
			children = (
				EC55319E2B458FCB005AD409 /* Base */,
			);
			name = LaunchScreen.storyboard;
			sourceTree = "<group>";
		};
/* End PBXVariantGroup section */

/* Begin XCBuildConfiguration section */
		EC5531A12B458FCB005AD409 /* Debug */ = {
			isa = XCBuildConfiguration;
			buildSettings = {
				ALWAYS_SEARCH_USER_PATHS = NO;
				CLANG_ANALYZER_NONNULL = YES;
				CLANG_ANALYZER_NUMBER_OBJECT_CONVERSION = YES_AGGRESSIVE;
				CLANG_CXX_LANGUAGE_STANDARD = "gnu++20";
				CLANG_ENABLE_MODULES = YES;
				CLANG_ENABLE_OBJC_ARC = YES;
				CLANG_ENABLE_OBJC_WEAK = YES;
				CLANG_WARN_BLOCK_CAPTURE_AUTORELEASING = YES;
				CLANG_WARN_BOOL_CONVERSION = YES;
				CLANG_WARN_COMMA = YES;
				CLANG_WARN_CONSTANT_CONVERSION = YES;
				CLANG_WARN_DEPRECATED_OBJC_IMPLEMENTATIONS = YES;
				CLANG_WARN_DIRECT_OBJC_ISA_USAGE = YES_ERROR;
				CLANG_WARN_DOCUMENTATION_COMMENTS = YES;
				CLANG_WARN_EMPTY_BODY = YES;
				CLANG_WARN_ENUM_CONVERSION = YES;
				CLANG_WARN_INFINITE_RECURSION = YES;
				CLANG_WARN_INT_CONVERSION = YES;
				CLANG_WARN_NON_LITERAL_NULL_CONVERSION = YES;
				CLANG_WARN_OBJC_IMPLICIT_RETAIN_SELF = YES;
				CLANG_WARN_OBJC_LITERAL_CONVERSION = YES;
				CLANG_WARN_OBJC_ROOT_CLASS = YES_ERROR;
				CLANG_WARN_QUOTED_INCLUDE_IN_FRAMEWORK_HEADER = YES;
				CLANG_WARN_RANGE_LOOP_ANALYSIS = YES;
				CLANG_WARN_STRICT_PROTOTYPES = YES;
				CLANG_WARN_SUSPICIOUS_MOVE = YES;
				CLANG_WARN_UNGUARDED_AVAILABILITY = YES_AGGRESSIVE;
				CLANG_WARN_UNREACHABLE_CODE = YES;
				CLANG_WARN__DUPLICATE_METHOD_MATCH = YES;
				COPY_PHASE_STRIP = NO;
				DEBUG_INFORMATION_FORMAT = dwarf;
				ENABLE_STRICT_OBJC_MSGSEND = YES;
				ENABLE_TESTABILITY = YES;
				GCC_C_LANGUAGE_STANDARD = gnu11;
				GCC_DYNAMIC_NO_PIC = NO;
				GCC_NO_COMMON_BLOCKS = YES;
				GCC_OPTIMIZATION_LEVEL = 0;
				GCC_PREPROCESSOR_DEFINITIONS = (
					"DEBUG=1",
					"$(inherited)",
				);
				GCC_WARN_64_TO_32_BIT_CONVERSION = YES;
				GCC_WARN_ABOUT_RETURN_TYPE = YES_ERROR;
				GCC_WARN_UNDECLARED_SELECTOR = YES;
				GCC_WARN_UNINITIALIZED_AUTOS = YES_AGGRESSIVE;
				GCC_WARN_UNUSED_FUNCTION = YES;
				GCC_WARN_UNUSED_VARIABLE = YES;
				IPHONEOS_DEPLOYMENT_TARGET = 16.4;
				MTL_ENABLE_DEBUG_INFO = INCLUDE_SOURCE;
				MTL_FAST_MATH = YES;
				ONLY_ACTIVE_ARCH = YES;
				SDKROOT = iphoneos;
				SWIFT_ACTIVE_COMPILATION_CONDITIONS = DEBUG;
				SWIFT_OPTIMIZATION_LEVEL = "-Onone";
			};
			name = Debug;
		};
		EC5531A22B458FCB005AD409 /* Release */ = {
			isa = XCBuildConfiguration;
			buildSettings = {
				ALWAYS_SEARCH_USER_PATHS = NO;
				CLANG_ANALYZER_NONNULL = YES;
				CLANG_ANALYZER_NUMBER_OBJECT_CONVERSION = YES_AGGRESSIVE;
				CLANG_CXX_LANGUAGE_STANDARD = "gnu++20";
				CLANG_ENABLE_MODULES = YES;
				CLANG_ENABLE_OBJC_ARC = YES;
				CLANG_ENABLE_OBJC_WEAK = YES;
				CLANG_WARN_BLOCK_CAPTURE_AUTORELEASING = YES;
				CLANG_WARN_BOOL_CONVERSION = YES;
				CLANG_WARN_COMMA = YES;
				CLANG_WARN_CONSTANT_CONVERSION = YES;
				CLANG_WARN_DEPRECATED_OBJC_IMPLEMENTATIONS = YES;
				CLANG_WARN_DIRECT_OBJC_ISA_USAGE = YES_ERROR;
				CLANG_WARN_DOCUMENTATION_COMMENTS = YES;
				CLANG_WARN_EMPTY_BODY = YES;
				CLANG_WARN_ENUM_CONVERSION = YES;
				CLANG_WARN_INFINITE_RECURSION = YES;
				CLANG_WARN_INT_CONVERSION = YES;
				CLANG_WARN_NON_LITERAL_NULL_CONVERSION = YES;
				CLANG_WARN_OBJC_IMPLICIT_RETAIN_SELF = YES;
				CLANG_WARN_OBJC_LITERAL_CONVERSION = YES;
				CLANG_WARN_OBJC_ROOT_CLASS = YES_ERROR;
				CLANG_WARN_QUOTED_INCLUDE_IN_FRAMEWORK_HEADER = YES;
				CLANG_WARN_RANGE_LOOP_ANALYSIS = YES;
				CLANG_WARN_STRICT_PROTOTYPES = YES;
				CLANG_WARN_SUSPICIOUS_MOVE = YES;
				CLANG_WARN_UNGUARDED_AVAILABILITY = YES_AGGRESSIVE;
				CLANG_WARN_UNREACHABLE_CODE = YES;
				CLANG_WARN__DUPLICATE_METHOD_MATCH = YES;
				COPY_PHASE_STRIP = NO;
				DEBUG_INFORMATION_FORMAT = "dwarf-with-dsym";
				ENABLE_NS_ASSERTIONS = NO;
				ENABLE_STRICT_OBJC_MSGSEND = YES;
				GCC_C_LANGUAGE_STANDARD = gnu11;
				GCC_NO_COMMON_BLOCKS = YES;
				GCC_WARN_64_TO_32_BIT_CONVERSION = YES;
				GCC_WARN_ABOUT_RETURN_TYPE = YES_ERROR;
				GCC_WARN_UNDECLARED_SELECTOR = YES;
				GCC_WARN_UNINITIALIZED_AUTOS = YES_AGGRESSIVE;
				GCC_WARN_UNUSED_FUNCTION = YES;
				GCC_WARN_UNUSED_VARIABLE = YES;
				IPHONEOS_DEPLOYMENT_TARGET = 16.4;
				MTL_ENABLE_DEBUG_INFO = NO;
				MTL_FAST_MATH = YES;
				SDKROOT = iphoneos;
				SWIFT_COMPILATION_MODE = wholemodule;
				SWIFT_OPTIMIZATION_LEVEL = "-O";
				VALIDATE_PRODUCT = YES;
			};
			name = Release;
		};
		EC5531A42B458FCB005AD409 /* Debug */ = {
			isa = XCBuildConfiguration;
			buildSettings = {
				ASSETCATALOG_COMPILER_APPICON_NAME = AppIcon;
				ASSETCATALOG_COMPILER_GLOBAL_ACCENT_COLOR_NAME = AccentColor;
				CODE_SIGN_STYLE = Automatic;
				CURRENT_PROJECT_VERSION = 1;
				GENERATE_INFOPLIST_FILE = YES;
				INFOPLIST_FILE = ProductProject/Info.plist;
				INFOPLIST_KEY_UIApplicationSupportsIndirectInputEvents = YES;
				INFOPLIST_KEY_UILaunchStoryboardName = LaunchScreen;
				INFOPLIST_KEY_UIMainStoryboardFile = Main;
				INFOPLIST_KEY_UISupportedInterfaceOrientations_iPad = "UIInterfaceOrientationPortrait UIInterfaceOrientationPortraitUpsideDown UIInterfaceOrientationLandscapeLeft UIInterfaceOrientationLandscapeRight";
				INFOPLIST_KEY_UISupportedInterfaceOrientations_iPhone = "UIInterfaceOrientationPortrait UIInterfaceOrientationLandscapeLeft UIInterfaceOrientationLandscapeRight";
				LD_RUNPATH_SEARCH_PATHS = (
					"$(inherited)",
					"@executable_path/Frameworks",
				);
				MARKETING_VERSION = 1.0;
				PRODUCT_BUNDLE_IDENTIFIER = com.bnezgirl.ProductProject;
				PRODUCT_NAME = "$(TARGET_NAME)";
				SWIFT_EMIT_LOC_STRINGS = YES;
				SWIFT_VERSION = 5.0;
				TARGETED_DEVICE_FAMILY = "1,2";
			};
			name = Debug;
		};
		EC5531A52B458FCB005AD409 /* Release */ = {
			isa = XCBuildConfiguration;
			buildSettings = {
				ASSETCATALOG_COMPILER_APPICON_NAME = AppIcon;
				ASSETCATALOG_COMPILER_GLOBAL_ACCENT_COLOR_NAME = AccentColor;
				CODE_SIGN_STYLE = Automatic;
				CURRENT_PROJECT_VERSION = 1;
				GENERATE_INFOPLIST_FILE = YES;
				INFOPLIST_FILE = ProductProject/Info.plist;
				INFOPLIST_KEY_UIApplicationSupportsIndirectInputEvents = YES;
				INFOPLIST_KEY_UILaunchStoryboardName = LaunchScreen;
				INFOPLIST_KEY_UIMainStoryboardFile = Main;
				INFOPLIST_KEY_UISupportedInterfaceOrientations_iPad = "UIInterfaceOrientationPortrait UIInterfaceOrientationPortraitUpsideDown UIInterfaceOrientationLandscapeLeft UIInterfaceOrientationLandscapeRight";
				INFOPLIST_KEY_UISupportedInterfaceOrientations_iPhone = "UIInterfaceOrientationPortrait UIInterfaceOrientationLandscapeLeft UIInterfaceOrientationLandscapeRight";
				LD_RUNPATH_SEARCH_PATHS = (
					"$(inherited)",
					"@executable_path/Frameworks",
				);
				MARKETING_VERSION = 1.0;
				PRODUCT_BUNDLE_IDENTIFIER = com.bnezgirl.ProductProject;
				PRODUCT_NAME = "$(TARGET_NAME)";
				SWIFT_EMIT_LOC_STRINGS = YES;
				SWIFT_VERSION = 5.0;
				TARGETED_DEVICE_FAMILY = "1,2";
			};
			name = Release;
		};
/* End XCBuildConfiguration section */

/* Begin XCConfigurationList section */
		EC55318A2B458FC9005AD409 /* Build configuration list for PBXProject "ProductProject" */ = {
			isa = XCConfigurationList;
			buildConfigurations = (
				EC5531A12B458FCB005AD409 /* Debug */,
				EC5531A22B458FCB005AD409 /* Release */,
			);
			defaultConfigurationIsVisible = 0;
			defaultConfigurationName = Release;
		};
		EC5531A32B458FCB005AD409 /* Build configuration list for PBXNativeTarget "ProductProject" */ = {
			isa = XCConfigurationList;
			buildConfigurations = (
				EC5531A42B458FCB005AD409 /* Debug */,
				EC5531A52B458FCB005AD409 /* Release */,
			);
			defaultConfigurationIsVisible = 0;
			defaultConfigurationName = Release;
		};
/* End XCConfigurationList section */

/* Begin XCRemoteSwiftPackageReference section */
		EC5531AA2B46E6EB005AD409 /* XCRemoteSwiftPackageReference "SDWebImage" */ = {
			isa = XCRemoteSwiftPackageReference;
			repositoryURL = "https://github.com/SDWebImage/SDWebImage.git";
			requirement = {
				kind = upToNextMajorVersion;
				minimumVersion = 5.0.0;
			};
		};
/* End XCRemoteSwiftPackageReference section */

/* Begin XCSwiftPackageProductDependency section */
		EC5531AB2B46E6EC005AD409 /* SDWebImage */ = {
			isa = XCSwiftPackageProductDependency;
			package = EC5531AA2B46E6EB005AD409 /* XCRemoteSwiftPackageReference "SDWebImage" */;
			productName = SDWebImage;
		};
/* End XCSwiftPackageProductDependency section */
	};
	rootObject = EC5531872B458FC9005AD409 /* Project object */;
}
