// !$*UTF8*$!
{
	archiveVersion = 1;
	classes = {
	};
	objectVersion = 56;
	objects = {

/* Begin PBXBuildFile section */
		EC55316C2B3EEFB0005AD409 /* AppDelegate.swift in Sources */ = {isa = PBXBuildFile; fileRef = EC55316B2B3EEFB0005AD409 /* AppDelegate.swift */; };
		EC55316E2B3EEFB0005AD409 /* SceneDelegate.swift in Sources */ = {isa = PBXBuildFile; fileRef = EC55316D2B3EEFB0005AD409 /* SceneDelegate.swift */; };
		EC5531702B3EEFB0005AD409 /* ViewController.swift in Sources */ = {isa = PBXBuildFile; fileRef = EC55316F2B3EEFB0005AD409 /* ViewController.swift */; };
		EC5531732B3EEFB0005AD409 /* Main.storyboard in Resources */ = {isa = PBXBuildFile; fileRef = EC5531712B3EEFB0005AD409 /* Main.storyboard */; };
		EC5531752B3EEFB2005AD409 /* Assets.xcassets in Resources */ = {isa = PBXBuildFile; fileRef = EC5531742B3EEFB2005AD409 /* Assets.xcassets */; };
		EC5531782B3EEFB2005AD409 /* LaunchScreen.storyboard in Resources */ = {isa = PBXBuildFile; fileRef = EC5531762B3EEFB2005AD409 /* LaunchScreen.storyboard */; };
		EC5531802B3EF183005AD409 /* ProductCell.swift in Sources */ = {isa = PBXBuildFile; fileRef = EC55317F2B3EF183005AD409 /* ProductCell.swift */; };
		EC5531822B3F3BAE005AD409 /* Model.swift in Sources */ = {isa = PBXBuildFile; fileRef = EC5531812B3F3BAE005AD409 /* Model.swift */; };
		EC5531852B3F67E5005AD409 /* SDWebImage in Frameworks */ = {isa = PBXBuildFile; productRef = EC5531842B3F67E5005AD409 /* SDWebImage */; };
/* End PBXBuildFile section */

/* Begin PBXFileReference section */
		EC5531682B3EEFB0005AD409 /* FakeAPI.app */ = {isa = PBXFileReference; explicitFileType = wrapper.application; includeInIndex = 0; path = FakeAPI.app; sourceTree = BUILT_PRODUCTS_DIR; };
		EC55316B2B3EEFB0005AD409 /* AppDelegate.swift */ = {isa = PBXFileReference; lastKnownFileType = sourcecode.swift; path = AppDelegate.swift; sourceTree = "<group>"; };
		EC55316D2B3EEFB0005AD409 /* SceneDelegate.swift */ = {isa = PBXFileReference; lastKnownFileType = sourcecode.swift; path = SceneDelegate.swift; sourceTree = "<group>"; };
		EC55316F2B3EEFB0005AD409 /* ViewController.swift */ = {isa = PBXFileReference; lastKnownFileType = sourcecode.swift; path = ViewController.swift; sourceTree = "<group>"; };
		EC5531722B3EEFB0005AD409 /* Base */ = {isa = PBXFileReference; lastKnownFileType = file.storyboard; name = Base; path = Base.lproj/Main.storyboard; sourceTree = "<group>"; };
		EC5531742B3EEFB2005AD409 /* Assets.xcassets */ = {isa = PBXFileReference; lastKnownFileType = folder.assetcatalog; path = Assets.xcassets; sourceTree = "<group>"; };
		EC5531772B3EEFB2005AD409 /* Base */ = {isa = PBXFileReference; lastKnownFileType = file.storyboard; name = Base; path = Base.lproj/LaunchScreen.storyboard; sourceTree = "<group>"; };
		EC5531792B3EEFB2005AD409 /* Info.plist */ = {isa = PBXFileReference; lastKnownFileType = text.plist.xml; path = Info.plist; sourceTree = "<group>"; };
		EC55317F2B3EF183005AD409 /* ProductCell.swift */ = {isa = PBXFileReference; lastKnownFileType = sourcecode.swift; path = ProductCell.swift; sourceTree = "<group>"; };
		EC5531812B3F3BAE005AD409 /* Model.swift */ = {isa = PBXFileReference; lastKnownFileType = sourcecode.swift; path = Model.swift; sourceTree = "<group>"; };
/* End PBXFileReference section */

/* Begin PBXFrameworksBuildPhase section */
		EC5531652B3EEFB0005AD409 /* Frameworks */ = {
			isa = PBXFrameworksBuildPhase;
			buildActionMask = 2147483647;
			files = (
				EC5531852B3F67E5005AD409 /* SDWebImage in Frameworks */,
			);
			runOnlyForDeploymentPostprocessing = 0;
		};
/* End PBXFrameworksBuildPhase section */

/* Begin PBXGroup section */
		EC55315F2B3EEFB0005AD409 = {
			isa = PBXGroup;
			children = (
				EC55316A2B3EEFB0005AD409 /* FakeAPI */,
				EC5531692B3EEFB0005AD409 /* Products */,
			);
			sourceTree = "<group>";
		};
		EC5531692B3EEFB0005AD409 /* Products */ = {
			isa = PBXGroup;
			children = (
				EC5531682B3EEFB0005AD409 /* FakeAPI.app */,
			);
			name = Products;
			sourceTree = "<group>";
		};
		EC55316A2B3EEFB0005AD409 /* FakeAPI */ = {
			isa = PBXGroup;
			children = (
				EC55316B2B3EEFB0005AD409 /* AppDelegate.swift */,
				EC5531812B3F3BAE005AD409 /* Model.swift */,
				EC55316D2B3EEFB0005AD409 /* SceneDelegate.swift */,
				EC55317F2B3EF183005AD409 /* ProductCell.swift */,
				EC55316F2B3EEFB0005AD409 /* ViewController.swift */,
				EC5531712B3EEFB0005AD409 /* Main.storyboard */,
				EC5531742B3EEFB2005AD409 /* Assets.xcassets */,
				EC5531762B3EEFB2005AD409 /* LaunchScreen.storyboard */,
				EC5531792B3EEFB2005AD409 /* Info.plist */,
			);
			path = FakeAPI;
			sourceTree = "<group>";
		};
/* End PBXGroup section */

/* Begin PBXNativeTarget section */
		EC5531672B3EEFB0005AD409 /* FakeAPI */ = {
			isa = PBXNativeTarget;
			buildConfigurationList = EC55317C2B3EEFB2005AD409 /* Build configuration list for PBXNativeTarget "FakeAPI" */;
			buildPhases = (
				EC5531642B3EEFB0005AD409 /* Sources */,
				EC5531652B3EEFB0005AD409 /* Frameworks */,
				EC5531662B3EEFB0005AD409 /* Resources */,
			);
			buildRules = (
			);
			dependencies = (
			);
			name = FakeAPI;
			packageProductDependencies = (
				EC5531842B3F67E5005AD409 /* SDWebImage */,
			);
			productName = FakeAPI;
			productReference = EC5531682B3EEFB0005AD409 /* FakeAPI.app */;
			productType = "com.apple.product-type.application";
		};
/* End PBXNativeTarget section */

/* Begin PBXProject section */
		EC5531602B3EEFB0005AD409 /* Project object */ = {
			isa = PBXProject;
			attributes = {
				BuildIndependentTargetsInParallel = 1;
				LastSwiftUpdateCheck = 1430;
				LastUpgradeCheck = 1430;
				TargetAttributes = {
					EC5531672B3EEFB0005AD409 = {
						CreatedOnToolsVersion = 14.3.1;
					};
				};
			};
			buildConfigurationList = EC5531632B3EEFB0005AD409 /* Build configuration list for PBXProject "FakeAPI" */;
			compatibilityVersion = "Xcode 14.0";
			developmentRegion = en;
			hasScannedForEncodings = 0;
			knownRegions = (
				en,
				Base,
			);
			mainGroup = EC55315F2B3EEFB0005AD409;
			packageReferences = (
				EC5531832B3F67E5005AD409 /* XCRemoteSwiftPackageReference "SDWebImage" */,
			);
			productRefGroup = EC5531692B3EEFB0005AD409 /* Products */;
			projectDirPath = "";
			projectRoot = "";
			targets = (
				EC5531672B3EEFB0005AD409 /* FakeAPI */,
			);
		};
/* End PBXProject section */

/* Begin PBXResourcesBuildPhase section */
		EC5531662B3EEFB0005AD409 /* Resources */ = {
			isa = PBXResourcesBuildPhase;
			buildActionMask = 2147483647;
			files = (
				EC5531782B3EEFB2005AD409 /* LaunchScreen.storyboard in Resources */,
				EC5531752B3EEFB2005AD409 /* Assets.xcassets in Resources */,
				EC5531732B3EEFB0005AD409 /* Main.storyboard in Resources */,
			);
			runOnlyForDeploymentPostprocessing = 0;
		};
/* End PBXResourcesBuildPhase section */

/* Begin PBXSourcesBuildPhase section */
		EC5531642B3EEFB0005AD409 /* Sources */ = {
			isa = PBXSourcesBuildPhase;
			buildActionMask = 2147483647;
			files = (
				EC5531822B3F3BAE005AD409 /* Model.swift in Sources */,
				EC5531702B3EEFB0005AD409 /* ViewController.swift in Sources */,
				EC5531802B3EF183005AD409 /* ProductCell.swift in Sources */,
				EC55316C2B3EEFB0005AD409 /* AppDelegate.swift in Sources */,
				EC55316E2B3EEFB0005AD409 /* SceneDelegate.swift in Sources */,
			);
			runOnlyForDeploymentPostprocessing = 0;
		};
/* End PBXSourcesBuildPhase section */

/* Begin PBXVariantGroup section */
		EC5531712B3EEFB0005AD409 /* Main.storyboard */ = {
			isa = PBXVariantGroup;
			children = (
				EC5531722B3EEFB0005AD409 /* Base */,
			);
			name = Main.storyboard;
			sourceTree = "<group>";
		};
		EC5531762B3EEFB2005AD409 /* LaunchScreen.storyboard */ = {
			isa = PBXVariantGroup;
			children = (
				EC5531772B3EEFB2005AD409 /* Base */,
			);
			name = LaunchScreen.storyboard;
			sourceTree = "<group>";
		};
/* End PBXVariantGroup section */

/* Begin XCBuildConfiguration section */
		EC55317A2B3EEFB2005AD409 /* Debug */ = {
			isa = XCBuildConfiguration;
			buildSettings = {
				ALWAYS_SEARCH_USER_PATHS = NO;
				CLANG_ANALYZER_NONNULL = YES;
				CLANG_ANALYZER_NUMBER_OBJECT_CONVERSION = YES_AGGRESSIVE;
				CLANG_CXX_LANGUAGE_STANDARD = "gnu++20";
				CLANG_ENABLE_MODULES = YES;
				CLANG_ENABLE_OBJC_ARC = YES;
				CLANG_ENABLE_OBJC_WEAK = YES;
				CLANG_WARN_BLOCK_CAPTURE_AUTORELEASING = YES;
				CLANG_WARN_BOOL_CONVERSION = YES;
				CLANG_WARN_COMMA = YES;
				CLANG_WARN_CONSTANT_CONVERSION = YES;
				CLANG_WARN_DEPRECATED_OBJC_IMPLEMENTATIONS = YES;
				CLANG_WARN_DIRECT_OBJC_ISA_USAGE = YES_ERROR;
				CLANG_WARN_DOCUMENTATION_COMMENTS = YES;
				CLANG_WARN_EMPTY_BODY = YES;
				CLANG_WARN_ENUM_CONVERSION = YES;
				CLANG_WARN_INFINITE_RECURSION = YES;
				CLANG_WARN_INT_CONVERSION = YES;
				CLANG_WARN_NON_LITERAL_NULL_CONVERSION = YES;
				CLANG_WARN_OBJC_IMPLICIT_RETAIN_SELF = YES;
				CLANG_WARN_OBJC_LITERAL_CONVERSION = YES;
				CLANG_WARN_OBJC_ROOT_CLASS = YES_ERROR;
				CLANG_WARN_QUOTED_INCLUDE_IN_FRAMEWORK_HEADER = YES;
				CLANG_WARN_RANGE_LOOP_ANALYSIS = YES;
				CLANG_WARN_STRICT_PROTOTYPES = YES;
				CLANG_WARN_SUSPICIOUS_MOVE = YES;
				CLANG_WARN_UNGUARDED_AVAILABILITY = YES_AGGRESSIVE;
				CLANG_WARN_UNREACHABLE_CODE = YES;
				CLANG_WARN__DUPLICATE_METHOD_MATCH = YES;
				COPY_PHASE_STRIP = NO;
				DEBUG_INFORMATION_FORMAT = dwarf;
				ENABLE_STRICT_OBJC_MSGSEND = YES;
				ENABLE_TESTABILITY = YES;
				GCC_C_LANGUAGE_STANDARD = gnu11;
				GCC_DYNAMIC_NO_PIC = NO;
				GCC_NO_COMMON_BLOCKS = YES;
				GCC_OPTIMIZATION_LEVEL = 0;
				GCC_PREPROCESSOR_DEFINITIONS = (
					"DEBUG=1",
					"$(inherited)",
				);
				GCC_WARN_64_TO_32_BIT_CONVERSION = YES;
				GCC_WARN_ABOUT_RETURN_TYPE = YES_ERROR;
				GCC_WARN_UNDECLARED_SELECTOR = YES;
				GCC_WARN_UNINITIALIZED_AUTOS = YES_AGGRESSIVE;
				GCC_WARN_UNUSED_FUNCTION = YES;
				GCC_WARN_UNUSED_VARIABLE = YES;
				IPHONEOS_DEPLOYMENT_TARGET = 16.4;
				MTL_ENABLE_DEBUG_INFO = INCLUDE_SOURCE;
				MTL_FAST_MATH = YES;
				ONLY_ACTIVE_ARCH = YES;
				SDKROOT = iphoneos;
				SWIFT_ACTIVE_COMPILATION_CONDITIONS = DEBUG;
				SWIFT_OPTIMIZATION_LEVEL = "-Onone";
			};
			name = Debug;
		};
		EC55317B2B3EEFB2005AD409 /* Release */ = {
			isa = XCBuildConfiguration;
			buildSettings = {
				ALWAYS_SEARCH_USER_PATHS = NO;
				CLANG_ANALYZER_NONNULL = YES;
				CLANG_ANALYZER_NUMBER_OBJECT_CONVERSION = YES_AGGRESSIVE;
				CLANG_CXX_LANGUAGE_STANDARD = "gnu++20";
				CLANG_ENABLE_MODULES = YES;
				CLANG_ENABLE_OBJC_ARC = YES;
				CLANG_ENABLE_OBJC_WEAK = YES;
				CLANG_WARN_BLOCK_CAPTURE_AUTORELEASING = YES;
				CLANG_WARN_BOOL_CONVERSION = YES;
				CLANG_WARN_COMMA = YES;
				CLANG_WARN_CONSTANT_CONVERSION = YES;
				CLANG_WARN_DEPRECATED_OBJC_IMPLEMENTATIONS = YES;
				CLANG_WARN_DIRECT_OBJC_ISA_USAGE = YES_ERROR;
				CLANG_WARN_DOCUMENTATION_COMMENTS = YES;
				CLANG_WARN_EMPTY_BODY = YES;
				CLANG_WARN_ENUM_CONVERSION = YES;
				CLANG_WARN_INFINITE_RECURSION = YES;
				CLANG_WARN_INT_CONVERSION = YES;
				CLANG_WARN_NON_LITERAL_NULL_CONVERSION = YES;
				CLANG_WARN_OBJC_IMPLICIT_RETAIN_SELF = YES;
				CLANG_WARN_OBJC_LITERAL_CONVERSION = YES;
				CLANG_WARN_OBJC_ROOT_CLASS = YES_ERROR;
				CLANG_WARN_QUOTED_INCLUDE_IN_FRAMEWORK_HEADER = YES;
				CLANG_WARN_RANGE_LOOP_ANALYSIS = YES;
				CLANG_WARN_STRICT_PROTOTYPES = YES;
				CLANG_WARN_SUSPICIOUS_MOVE = YES;
				CLANG_WARN_UNGUARDED_AVAILABILITY = YES_AGGRESSIVE;
				CLANG_WARN_UNREACHABLE_CODE = YES;
				CLANG_WARN__DUPLICATE_METHOD_MATCH = YES;
				COPY_PHASE_STRIP = NO;
				DEBUG_INFORMATION_FORMAT = "dwarf-with-dsym";
				ENABLE_NS_ASSERTIONS = NO;
				ENABLE_STRICT_OBJC_MSGSEND = YES;
				GCC_C_LANGUAGE_STANDARD = gnu11;
				GCC_NO_COMMON_BLOCKS = YES;
				GCC_WARN_64_TO_32_BIT_CONVERSION = YES;
				GCC_WARN_ABOUT_RETURN_TYPE = YES_ERROR;
				GCC_WARN_UNDECLARED_SELECTOR = YES;
				GCC_WARN_UNINITIALIZED_AUTOS = YES_AGGRESSIVE;
				GCC_WARN_UNUSED_FUNCTION = YES;
				GCC_WARN_UNUSED_VARIABLE = YES;
				IPHONEOS_DEPLOYMENT_TARGET = 16.4;
				MTL_ENABLE_DEBUG_INFO = NO;
				MTL_FAST_MATH = YES;
				SDKROOT = iphoneos;
				SWIFT_COMPILATION_MODE = wholemodule;
				SWIFT_OPTIMIZATION_LEVEL = "-O";
				VALIDATE_PRODUCT = YES;
			};
			name = Release;
		};
		EC55317D2B3EEFB2005AD409 /* Debug */ = {
			isa = XCBuildConfiguration;
			buildSettings = {
				ASSETCATALOG_COMPILER_APPICON_NAME = AppIcon;
				ASSETCATALOG_COMPILER_GLOBAL_ACCENT_COLOR_NAME = AccentColor;
				CODE_SIGN_STYLE = Automatic;
				CURRENT_PROJECT_VERSION = 1;
				GENERATE_INFOPLIST_FILE = YES;
				INFOPLIST_FILE = FakeAPI/Info.plist;
				INFOPLIST_KEY_UIApplicationSupportsIndirectInputEvents = YES;
				INFOPLIST_KEY_UILaunchStoryboardName = LaunchScreen;
				INFOPLIST_KEY_UIMainStoryboardFile = Main;
				INFOPLIST_KEY_UISupportedInterfaceOrientations_iPad = "UIInterfaceOrientationPortrait UIInterfaceOrientationPortraitUpsideDown UIInterfaceOrientationLandscapeLeft UIInterfaceOrientationLandscapeRight";
				INFOPLIST_KEY_UISupportedInterfaceOrientations_iPhone = "UIInterfaceOrientationPortrait UIInterfaceOrientationLandscapeLeft UIInterfaceOrientationLandscapeRight";
				LD_RUNPATH_SEARCH_PATHS = (
					"$(inherited)",
					"@executable_path/Frameworks",
				);
				MARKETING_VERSION = 1.0;
				PRODUCT_BUNDLE_IDENTIFIER = com.bnezgirl.FakeAPI;
				PRODUCT_NAME = "$(TARGET_NAME)";
				SWIFT_EMIT_LOC_STRINGS = YES;
				SWIFT_VERSION = 5.0;
				TARGETED_DEVICE_FAMILY = "1,2";
			};
			name = Debug;
		};
		EC55317E2B3EEFB2005AD409 /* Release */ = {
			isa = XCBuildConfiguration;
			buildSettings = {
				ASSETCATALOG_COMPILER_APPICON_NAME = AppIcon;
				ASSETCATALOG_COMPILER_GLOBAL_ACCENT_COLOR_NAME = AccentColor;
				CODE_SIGN_STYLE = Automatic;
				CURRENT_PROJECT_VERSION = 1;
				GENERATE_INFOPLIST_FILE = YES;
				INFOPLIST_FILE = FakeAPI/Info.plist;
				INFOPLIST_KEY_UIApplicationSupportsIndirectInputEvents = YES;
				INFOPLIST_KEY_UILaunchStoryboardName = LaunchScreen;
				INFOPLIST_KEY_UIMainStoryboardFile = Main;
				INFOPLIST_KEY_UISupportedInterfaceOrientations_iPad = "UIInterfaceOrientationPortrait UIInterfaceOrientationPortraitUpsideDown UIInterfaceOrientationLandscapeLeft UIInterfaceOrientationLandscapeRight";
				INFOPLIST_KEY_UISupportedInterfaceOrientations_iPhone = "UIInterfaceOrientationPortrait UIInterfaceOrientationLandscapeLeft UIInterfaceOrientationLandscapeRight";
				LD_RUNPATH_SEARCH_PATHS = (
					"$(inherited)",
					"@executable_path/Frameworks",
				);
				MARKETING_VERSION = 1.0;
				PRODUCT_BUNDLE_IDENTIFIER = com.bnezgirl.FakeAPI;
				PRODUCT_NAME = "$(TARGET_NAME)";
				SWIFT_EMIT_LOC_STRINGS = YES;
				SWIFT_VERSION = 5.0;
				TARGETED_DEVICE_FAMILY = "1,2";
			};
			name = Release;
		};
/* End XCBuildConfiguration section */

/* Begin XCConfigurationList section */
		EC5531632B3EEFB0005AD409 /* Build configuration list for PBXProject "FakeAPI" */ = {
			isa = XCConfigurationList;
			buildConfigurations = (
				EC55317A2B3EEFB2005AD409 /* Debug */,
				EC55317B2B3EEFB2005AD409 /* Release */,
			);
			defaultConfigurationIsVisible = 0;
			defaultConfigurationName = Release;
		};
		EC55317C2B3EEFB2005AD409 /* Build configuration list for PBXNativeTarget "FakeAPI" */ = {
			isa = XCConfigurationList;
			buildConfigurations = (
				EC55317D2B3EEFB2005AD409 /* Debug */,
				EC55317E2B3EEFB2005AD409 /* Release */,
			);
			defaultConfigurationIsVisible = 0;
			defaultConfigurationName = Release;
		};
/* End XCConfigurationList section */

/* Begin XCRemoteSwiftPackageReference section */
		EC5531832B3F67E5005AD409 /* XCRemoteSwiftPackageReference "SDWebImage" */ = {
			isa = XCRemoteSwiftPackageReference;
			repositoryURL = "https://github.com/SDWebImage/SDWebImage.git";
			requirement = {
				kind = upToNextMajorVersion;
				minimumVersion = 5.0.0;
			};
		};
/* End XCRemoteSwiftPackageReference section */

/* Begin XCSwiftPackageProductDependency section */
		EC5531842B3F67E5005AD409 /* SDWebImage */ = {
			isa = XCSwiftPackageProductDependency;
			package = EC5531832B3F67E5005AD409 /* XCRemoteSwiftPackageReference "SDWebImage" */;
			productName = SDWebImage;
		};
/* End XCSwiftPackageProductDependency section */
	};
	rootObject = EC5531602B3EEFB0005AD409 /* Project object */;
}
